
Microsoft Visual Studio Solution File, Format Version 12.00
# Visual Studio 15
Project("{FAE04EC0-301F-11D3-BF4B-00C04F79EFBC}") = "Zenject", "Zenject.csproj", "{D3502B57-0C4F-44A3-BDBF-EF03F4C34BC9}"
EndProject
Project("{FAE04EC0-301F-11D3-BF4B-00C04F79EFBC}") = "Zenject-UnitTests-Editor", "Zenject-UnitTests-Editor.csproj", "{066CA95B-AED7-7E82-E2E8-E3615CC2A4A3}"
EndProject
Project("{FAE04EC0-301F-11D3-BF4B-00C04F79EFBC}") = "Zenject-IntegrationTests", "Zenject-IntegrationTests.csproj", "{1E56DDF1-E2FB-06F6-BF17-6A284083BFFA}"
EndProject
Project("{FAE04EC0-301F-11D3-BF4B-00C04F79EFBC}") = "Zenject-IntegrationTests-Editor", "Zenject-IntegrationTests-Editor.csproj", "{57F8CD3A-7CED-BB68-D83C-C7B0EF0B9873}"
EndProject
Project("{FAE04EC0-301F-11D3-BF4B-00C04F79EFBC}") = "Zenject-ReflectionBaking-Editor", "Zenject-ReflectionBaking-Editor.csproj", "{85F3520C-4CDA-2F50-F798-A21A7A5BF2C7}"
EndProject
Project("{FAE04EC0-301F-11D3-BF4B-00C04F79EFBC}") = "Zenject-Editor", "Zenject-Editor.csproj", "{5C6839AA-8B7E-E017-F60B-FB3238F7BD03}"
EndProject
Project("{FAE04EC0-301F-11D3-BF4B-00C04F79EFBC}") = "Assembly-CSharp", "Assembly-CSharp.csproj", "{611950EE-3833-2263-C82A-D1498C4971AD}"
EndProject
Project("{FAE04EC0-301F-11D3-BF4B-00C04F79EFBC}") = "Zenject-TestFramework", "Zenject-TestFramework.csproj", "{688EA373-9EA3-6E8D-B76E-99B85E35D743}"
EndProject
Project("{FAE04EC0-301F-11D3-BF4B-00C04F79EFBC}") = "Zenject-PoolMonitor-Editor", "Zenject-PoolMonitor-Editor.csproj", "{279E597B-BD0D-C6ED-A307-8C30284B4DFD}"
EndProject
Global
	GlobalSection(SolutionConfigurationPlatforms) = preSolution
		Debug|Any CPU = Debug|Any CPU
		Release|Any CPU = Release|Any CPU
	EndGlobalSection
	GlobalSection(ProjectConfigurationPlatforms) = postSolution
		{D3502B57-0C4F-44A3-BDBF-EF03F4C34BC9}.Debug|Any CPU.ActiveCfg = Debug|Any CPU
		{D3502B57-0C4F-44A3-BDBF-EF03F4C34BC9}.Debug|Any CPU.Build.0 = Debug|Any CPU
		{D3502B57-0C4F-44A3-BDBF-EF03F4C34BC9}.Release|Any CPU.ActiveCfg = Release|Any CPU
		{D3502B57-0C4F-44A3-BDBF-EF03F4C34BC9}.Release|Any CPU.Build.0 = Release|Any CPU
		{066CA95B-AED7-7E82-E2E8-E3615CC2A4A3}.Debug|Any CPU.ActiveCfg = Debug|Any CPU
		{066CA95B-AED7-7E82-E2E8-E3615CC2A4A3}.Debug|Any CPU.Build.0 = Debug|Any CPU
		{066CA95B-AED7-7E82-E2E8-E3615CC2A4A3}.Release|Any CPU.ActiveCfg = Release|Any CPU
		{066CA95B-AED7-7E82-E2E8-E3615CC2A4A3}.Release|Any CPU.Build.0 = Release|Any CPU
		{1E56DDF1-E2FB-06F6-BF17-6A284083BFFA}.Debug|Any CPU.ActiveCfg = Debug|Any CPU
		{1E56DDF1-E2FB-06F6-BF17-6A284083BFFA}.Debug|Any CPU.Build.0 = Debug|Any CPU
		{1E56DDF1-E2FB-06F6-BF17-6A284083BFFA}.Release|Any CPU.ActiveCfg = Release|Any CPU
		{1E56DDF1-E2FB-06F6-BF17-6A284083BFFA}.Release|Any CPU.Build.0 = Release|Any CPU
		{57F8CD3A-7CED-BB68-D83C-C7B0EF0B9873}.Debug|Any CPU.ActiveCfg = Debug|Any CPU
		{57F8CD3A-7CED-BB68-D83C-C7B0EF0B9873}.Debug|Any CPU.Build.0 = Debug|Any CPU
		{57F8CD3A-7CED-BB68-D83C-C7B0EF0B9873}.Release|Any CPU.ActiveCfg = Release|Any CPU
		{57F8CD3A-7CED-BB68-D83C-C7B0EF0B9873}.Release|Any CPU.Build.0 = Release|Any CPU
		{85F3520C-4CDA-2F50-F798-A21A7A5BF2C7}.Debug|Any CPU.ActiveCfg = Debug|Any CPU
		{85F3520C-4CDA-2F50-F798-A21A7A5BF2C7}.Debug|Any CPU.Build.0 = Debug|Any CPU
		{85F3520C-4CDA-2F50-F798-A21A7A5BF2C7}.Release|Any CPU.ActiveCfg = Release|Any CPU
		{85F3520C-4CDA-2F50-F798-A21A7A5BF2C7}.Release|Any CPU.Build.0 = Release|Any CPU
		{5C6839AA-8B7E-E017-F60B-FB3238F7BD03}.Debug|Any CPU.ActiveCfg = Debug|Any CPU
		{5C6839AA-8B7E-E017-F60B-FB3238F7BD03}.Debug|Any CPU.Build.0 = Debug|Any CPU
		{5C6839AA-8B7E-E017-F60B-FB3238F7BD03}.Release|Any CPU.ActiveCfg = Release|Any CPU
		{5C6839AA-8B7E-E017-F60B-FB3238F7BD03}.Release|Any CPU.Build.0 = Release|Any CPU
		{611950EE-3833-2263-C82A-D1498C4971AD}.Debug|Any CPU.ActiveCfg = Debug|Any CPU
		{611950EE-3833-2263-C82A-D1498C4971AD}.Debug|Any CPU.Build.0 = Debug|Any CPU
		{611950EE-3833-2263-C82A-D1498C4971AD}.Release|Any CPU.ActiveCfg = Release|Any CPU
		{611950EE-3833-2263-C82A-D1498C4971AD}.Release|Any CPU.Build.0 = Release|Any CPU
		{688EA373-9EA3-6E8D-B76E-99B85E35D743}.Debug|Any CPU.ActiveCfg = Debug|Any CPU
		{688EA373-9EA3-6E8D-B76E-99B85E35D743}.Debug|Any CPU.Build.0 = Debug|Any CPU
		{688EA373-9EA3-6E8D-B76E-99B85E35D743}.Release|Any CPU.ActiveCfg = Release|Any CPU
		{688EA373-9EA3-6E8D-B76E-99B85E35D743}.Release|Any CPU.Build.0 = Release|Any CPU
		{279E597B-BD0D-C6ED-A307-8C30284B4DFD}.Debug|Any CPU.ActiveCfg = Debug|Any CPU
		{279E597B-BD0D-C6ED-A307-8C30284B4DFD}.Debug|Any CPU.Build.0 = Debug|Any CPU
		{279E597B-BD0D-C6ED-A307-8C30284B4DFD}.Release|Any CPU.ActiveCfg = Release|Any CPU
		{279E597B-BD0D-C6ED-A307-8C30284B4DFD}.Release|Any CPU.Build.0 = Release|Any CPU
	EndGlobalSection
	GlobalSection(SolutionProperties) = preSolution
		HideSolutionNode = FALSE
	EndGlobalSection
EndGlobal
